# Generated by pub
# See https://dart.dev/tools/pub/glossary#lockfile
packages:
  another_stepper:
    dependency: "direct main"
    description:
      name: another_stepper
      sha256: "04f5166c57f2412c612b17101e8a3d819f210c53f6bc1b5be541dc4c6987c681"
      url: "https://pub.dev"
    source: hosted
    version: "1.2.2"
  async:
    dependency: transitive
    description:
      name: async
      sha256: "947bfcf187f74dbc5e146c9eb9c0f10c9f8b30743e341481c1e2ed3ecc18c20c"
      url: "https://pub.dev"
    source: hosted
    version: "2.11.0"
  badges:
    dependency: transitive
    description:
      name: badges
      sha256: a7b6bbd60dce418df0db3058b53f9d083c22cdb5132a052145dc267494df0b84
      url: "https://pub.dev"
    source: hosted
    version: "3.1.2"
  boolean_selector:
    dependency: transitive
    description:
      name: boolean_selector
      sha256: "6cfb5af12253eaf2b368f07bacc5a80d1301a071c73360d746b7f2e32d762c66"
      url: "https://pub.dev"
    source: hosted
    version: "2.1.1"
  calendar_view:
    dependency: "direct main"
    description:
      name: calendar_view
      sha256: "26b47b00e045c5874df3803960765775457f4666b13d5ae7663e66209834424e"
      url: "https://pub.dev"
    source: hosted
    version: "1.0.4"
  characters:
    dependency: transitive
    description:
      name: characters
      sha256: "04a925763edad70e8443c99234dc3328f442e811f1d8fd1a72f1c8ad0f69a605"
      url: "https://pub.dev"
    source: hosted
    version: "1.3.0"
  chips_input:
    dependency: "direct main"
    description:
      name: chips_input
      sha256: "85722407c84faf0cc20c53dc7021f6eae6d6d3361d46bf1de5650d83c967db32"
      url: "https://pub.dev"
    source: hosted
    version: "0.1.0"
  clock:
    dependency: transitive
    description:
      name: clock
      sha256: cb6d7f03e1de671e34607e909a7213e31d7752be4fb66a86d29fe1eb14bfb5cf
      url: "https://pub.dev"
    source: hosted
    version: "1.1.1"
  collapsible_sidebar:
    dependency: "direct main"
    description:
      name: collapsible_sidebar
      sha256: "5879fdfd6f86f9bf539a9cb6f0bca5ce63dbda08fb061ebad735f52b0568e3e8"
      url: "https://pub.dev"
    source: hosted
    version: "2.0.6"
  collection:
    dependency: transitive
    description:
      name: collection
      sha256: f092b211a4319e98e5ff58223576de6c2803db36221657b46c82574721240687
      url: "https://pub.dev"
    source: hosted
    version: "1.17.2"
  cross_file:
    dependency: transitive
    description:
      name: cross_file
      sha256: "0b0036e8cccbfbe0555fd83c1d31a6f30b77a96b598b35a5d36dd41f718695e9"
      url: "https://pub.dev"
    source: hosted
    version: "0.3.3+4"
  crypto:
    dependency: transitive
    description:
      name: crypto
      sha256: ff625774173754681d66daaf4a448684fb04b78f902da9cb3d308c19cc5e8bab
      url: "https://pub.dev"
    source: hosted
    version: "3.0.3"
  cupertino_icons:
    dependency: "direct main"
    description:
      name: cupertino_icons
      sha256: e35129dc44c9118cee2a5603506d823bab99c68393879edb440e0090d07586be
      url: "https://pub.dev"
    source: hosted
    version: "1.0.5"
  custom_sliding_segmented_control:
    dependency: "direct main"
    description:
      name: custom_sliding_segmented_control
      sha256: a12d1908bb3fe06aabd4becd7def608cdd77b01b7a9f79e37d9414b478523a34
      url: "https://pub.dev"
    source: hosted
    version: "1.7.5"
  dio:
    dependency: "direct main"
    description:
      name: dio
      sha256: ce75a1b40947fea0a0e16ce73337122a86762e38b982e1ccb909daa3b9bc4197
      url: "https://pub.dev"
    source: hosted
    version: "5.3.2"
  dropdown_button2:
    dependency: "direct main"
    description:
      name: dropdown_button2
      sha256: bee4103caa1517fcc623bd5efbe1743956a276b3db3738aa9342afe23be48b48
      url: "https://pub.dev"
    source: hosted
    version: "2.3.8"
  dropdown_plus:
    dependency: "direct main"
    description:
      name: dropdown_plus
      sha256: "707c364066dcfcd2f5b672116d5adee8e3454ede3ff6fc34f5b351bfbbfbecbe"
      url: "https://pub.dev"
    source: hosted
    version: "0.0.9"
  dropdown_search:
    dependency: "direct main"
    description:
      name: dropdown_search
      sha256: "55106e8290acaa97ed15bea1fdad82c3cf0c248dd410e651f5a8ac6870f783ab"
      url: "https://pub.dev"
    source: hosted
    version: "5.0.6"
  easy_sidemenu:
    dependency: "direct main"
    description:
      name: easy_sidemenu
      sha256: "8011730de5af1ab0a670fb9a4a2e5cf11ac47c7e4a854ec0fef3c42ade6e5632"
      url: "https://pub.dev"
    source: hosted
    version: "0.5.0"
  expansion_tile_card:
    dependency: "direct main"
    description:
      name: expansion_tile_card
      sha256: "27ce4cb518f00e21d0f2309aaa6462b26b148e93cee2029a73088cecf42b1eb0"
      url: "https://pub.dev"
    source: hosted
    version: "3.0.0"
  fake_async:
    dependency: transitive
    description:
      name: fake_async
      sha256: "511392330127add0b769b75a987850d136345d9227c6b94c96a04cf4a391bf78"
      url: "https://pub.dev"
    source: hosted
    version: "1.3.1"
  ffi:
    dependency: transitive
    description:
      name: ffi
      sha256: "7bf0adc28a23d395f19f3f1eb21dd7cfd1dd9f8e1c50051c069122e6853bc878"
      url: "https://pub.dev"
    source: hosted
    version: "2.1.0"
  file:
    dependency: transitive
    description:
      name: file
      sha256: "1b92bec4fc2a72f59a8e15af5f52cd441e4a7860b49499d69dfa817af20e925d"
      url: "https://pub.dev"
    source: hosted
    version: "6.1.4"
  file_picker:
    dependency: "direct main"
    description:
      name: file_picker
      sha256: bdfa035a974a0c080576c4c8ed01cdf9d1b406a04c7daa05443ef0383a97bedc
      url: "https://pub.dev"
    source: hosted
    version: "5.3.4"
  file_selector:
    dependency: "direct main"
    description:
      name: file_selector
      sha256: "59b35aa4af7988be7ec88f9ddaa6c71c5b54bf0f8b35009389d9343b10e9c3af"
      url: "https://pub.dev"
    source: hosted
    version: "1.0.0"
  file_selector_android:
    dependency: transitive
    description:
      name: file_selector_android
      sha256: "43e5c719f671b9181bef1bf2851135c3ad993a9a6c804a4ccb07579cfee84e34"
      url: "https://pub.dev"
    source: hosted
    version: "0.5.0+2"
  file_selector_ios:
    dependency: transitive
    description:
      name: file_selector_ios
      sha256: "507af301b21b1dbb6fd0615ba21190b2b4574edb672929f32ce7f610c40a9bd9"
      url: "https://pub.dev"
    source: hosted
    version: "0.5.1+5"
  file_selector_linux:
    dependency: transitive
    description:
      name: file_selector_linux
      sha256: "770eb1ab057b5ae4326d1c24cc57710758b9a46026349d021d6311bd27580046"
      url: "https://pub.dev"
    source: hosted
    version: "0.9.2"
  file_selector_macos:
    dependency: transitive
    description:
      name: file_selector_macos
      sha256: "4ada532862917bf16e3adb3891fe3a5917a58bae03293e497082203a80909412"
      url: "https://pub.dev"
    source: hosted
    version: "0.9.3+1"
  file_selector_platform_interface:
    dependency: transitive
    description:
      name: file_selector_platform_interface
      sha256: "412705a646a0ae90f33f37acfae6a0f7cbc02222d6cd34e479421c3e74d3853c"
      url: "https://pub.dev"
    source: hosted
    version: "2.6.0"
  file_selector_web:
    dependency: transitive
    description:
      name: file_selector_web
      sha256: e292740c469df0aeeaba0895bf622bea351a05e87d22864c826bf21c4780e1d7
      url: "https://pub.dev"
    source: hosted
    version: "0.9.2"
  file_selector_windows:
    dependency: transitive
    description:
      name: file_selector_windows
      sha256: "1372760c6b389842b77156203308940558a2817360154084368608413835fc26"
      url: "https://pub.dev"
    source: hosted
    version: "0.9.3"
  flex_color_picker:
    dependency: "direct main"
    description:
      name: flex_color_picker
      sha256: f37476ab3e80dcaca94e428e159944d465dd16312fda9ff41e07e86f04bfa51c
      url: "https://pub.dev"
    source: hosted
    version: "3.3.0"
  flex_seed_scheme:
    dependency: transitive
    description:
      name: flex_seed_scheme
      sha256: "29c12aba221eb8a368a119685371381f8035011d18de5ba277ad11d7dfb8657f"
      url: "https://pub.dev"
    source: hosted
    version: "1.4.0"
  flutter:
    dependency: "direct main"
    description: flutter
    source: sdk
    version: "0.0.0"
  flutter_keyboard_visibility:
    dependency: transitive
    description:
      name: flutter_keyboard_visibility
      sha256: "4983655c26ab5b959252ee204c2fffa4afeb4413cd030455194ec0caa3b8e7cb"
      url: "https://pub.dev"
    source: hosted
    version: "5.4.1"
  flutter_keyboard_visibility_linux:
    dependency: transitive
    description:
      name: flutter_keyboard_visibility_linux
      sha256: "6fba7cd9bb033b6ddd8c2beb4c99ad02d728f1e6e6d9b9446667398b2ac39f08"
      url: "https://pub.dev"
    source: hosted
    version: "1.0.0"
  flutter_keyboard_visibility_macos:
    dependency: transitive
    description:
      name: flutter_keyboard_visibility_macos
      sha256: c5c49b16fff453dfdafdc16f26bdd8fb8d55812a1d50b0ce25fc8d9f2e53d086
      url: "https://pub.dev"
    source: hosted
    version: "1.0.0"
  flutter_keyboard_visibility_platform_interface:
    dependency: transitive
    description:
      name: flutter_keyboard_visibility_platform_interface
      sha256: e43a89845873f7be10cb3884345ceb9aebf00a659f479d1c8f4293fcb37022a4
      url: "https://pub.dev"
    source: hosted
    version: "2.0.0"
  flutter_keyboard_visibility_web:
    dependency: transitive
    description:
      name: flutter_keyboard_visibility_web
      sha256: d3771a2e752880c79203f8d80658401d0c998e4183edca05a149f5098ce6e3d1
      url: "https://pub.dev"
    source: hosted
    version: "2.0.0"
  flutter_keyboard_visibility_windows:
    dependency: transitive
    description:
      name: flutter_keyboard_visibility_windows
      sha256: fc4b0f0b6be9b93ae527f3d527fb56ee2d918cd88bbca438c478af7bcfd0ef73
      url: "https://pub.dev"
    source: hosted
    version: "1.0.0"
  flutter_lints:
    dependency: "direct dev"
    description:
      name: flutter_lints
      sha256: "2118df84ef0c3ca93f96123a616ae8540879991b8b57af2f81b76a7ada49b2a4"
      url: "https://pub.dev"
    source: hosted
    version: "2.0.2"
  flutter_multi_select_items:
    dependency: "direct main"
    description:
      name: flutter_multi_select_items
      sha256: d30af6dbf64c38c296110a9512eef91b196a185cca056cd1eb32614e5fa91d1c
      url: "https://pub.dev"
    source: hosted
    version: "0.4.2"
  flutter_plugin_android_lifecycle:
    dependency: transitive
    description:
      name: flutter_plugin_android_lifecycle
      sha256: "950e77c2bbe1692bc0874fc7fb491b96a4dc340457f4ea1641443d0a6c1ea360"
      url: "https://pub.dev"
    source: hosted
    version: "2.0.15"
  flutter_tagging:
    dependency: "direct main"
    description:
      name: flutter_tagging
      sha256: f95e2dc20c14cb6437c674deefa198a6608156ea99b3178a5633341b0b3be144
      url: "https://pub.dev"
    source: hosted
    version: "3.0.0"
  flutter_test:
    dependency: "direct dev"
    description: flutter
    source: sdk
    version: "0.0.0"
  flutter_time_picker_spinner:
    dependency: "direct main"
    description:
      name: flutter_time_picker_spinner
      sha256: "95600709910ad0cd5fcaec6c371dbe2e81a78989a9ee8c08a356433e2ccff041"
      url: "https://pub.dev"
    source: hosted
    version: "2.0.0"
  flutter_typeahead:
    dependency: transitive
    description:
      name: flutter_typeahead
      sha256: "612a9c08554d49de02106dd06a666702e02347fe31cff47d41cef2a6a88dd01f"
      url: "https://pub.dev"
    source: hosted
    version: "3.2.7"
  flutter_web_plugins:
    dependency: transitive
    description: flutter
    source: sdk
    version: "0.0.0"
  font_awesome_flutter:
    dependency: "direct main"
    description:
      name: font_awesome_flutter
      sha256: "5fb789145cae1f4c3245c58b3f8fb287d055c26323879eab57a7bf0cfd1e45f3"
      url: "https://pub.dev"
    source: hosted
    version: "10.5.0"
  get:
    dependency: "direct main"
    description:
      name: get
      sha256: "2ba20a47c8f1f233bed775ba2dd0d3ac97b4cf32fc17731b3dfc672b06b0e92a"
      url: "https://pub.dev"
    source: hosted
    version: "4.6.5"
  go_router:
    dependency: "direct main"
    description:
      name: go_router
      sha256: "00d1b67d6e9fa443331da229084dd3eb04407f5a2dff22940bd7bba6af5722c3"
      url: "https://pub.dev"
    source: hosted
    version: "7.1.1"
  google_fonts:
    dependency: "direct main"
    description:
      name: google_fonts
      sha256: "6b6f10f0ce3c42f6552d1c70d2c28d764cf22bb487f50f66cca31dcd5194f4d6"
      url: "https://pub.dev"
    source: hosted
    version: "4.0.4"
  http:
    dependency: "direct main"
    description:
      name: http
      sha256: "5895291c13fa8a3bd82e76d5627f69e0d85ca6a30dcac95c4ea19a5d555879c2"
      url: "https://pub.dev"
    source: hosted
    version: "0.13.6"
  http_parser:
    dependency: transitive
    description:
      name: http_parser
      sha256: "2aa08ce0341cc9b354a498388e30986515406668dbcc4f7c950c3e715496693b"
      url: "https://pub.dev"
    source: hosted
    version: "4.0.2"
  image_picker:
    dependency: "direct main"
    description:
      name: image_picker
      sha256: "841837258e0b42c80946c43443054fc726f5e8aa84a97f363eb9ef0d45b33c14"
      url: "https://pub.dev"
    source: hosted
    version: "1.0.2"
  image_picker_android:
    dependency: transitive
    description:
      name: image_picker_android
      sha256: "8179b54039b50eee561676232304f487602e2950ffb3e8995ed9034d6505ca34"
      url: "https://pub.dev"
    source: hosted
    version: "0.8.7+4"
  image_picker_for_web:
    dependency: "direct main"
    description:
      name: image_picker_for_web
      sha256: "8b6c160cdbe572199103a091c783685b236110e4a0fd7a4947f32ff5b7da8765"
      url: "https://pub.dev"
    source: hosted
    version: "3.0.0"
  image_picker_ios:
    dependency: transitive
    description:
      name: image_picker_ios
      sha256: bee3b7c7e6266a37fb1bfdc275bc60427029d447205d44933aac130fbb9d3330
      url: "https://pub.dev"
    source: hosted
    version: "0.8.8+1"
  image_picker_linux:
    dependency: transitive
    description:
      name: image_picker_linux
      sha256: "02cbc21fe1706b97942b575966e5fbbeaac535e76deef70d3a242e4afb857831"
      url: "https://pub.dev"
    source: hosted
    version: "0.2.1"
  image_picker_macos:
    dependency: transitive
    description:
      name: image_picker_macos
      sha256: cee2aa86c56780c13af2c77b5f2f72973464db204569e1ba2dd744459a065af4
      url: "https://pub.dev"
    source: hosted
    version: "0.2.1"
  image_picker_platform_interface:
    dependency: transitive
    description:
      name: image_picker_platform_interface
      sha256: c1134543ae2187e85299996d21c526b2f403854994026d575ae4cf30d7bb2a32
      url: "https://pub.dev"
    source: hosted
    version: "2.9.0"
  image_picker_web:
    dependency: "direct main"
    description:
      name: image_picker_web
      sha256: e1656f1ce48a614aefdf22ab73c0cc7e498fa7b78893ffdcc83171e7289092e0
      url: "https://pub.dev"
    source: hosted
    version: "3.1.1"
  image_picker_windows:
    dependency: transitive
    description:
      name: image_picker_windows
      sha256: c3066601ea42113922232c7b7b3330a2d86f029f685bba99d82c30e799914952
      url: "https://pub.dev"
    source: hosted
    version: "0.2.1"
  intl:
    dependency: "direct main"
    description:
      name: intl
      sha256: "3bc132a9dbce73a7e4a21a17d06e1878839ffbf975568bc875c60537824b0c4d"
      url: "https://pub.dev"
    source: hosted
    version: "0.18.1"
  js:
    dependency: transitive
    description:
      name: js
      sha256: f2c445dce49627136094980615a031419f7f3eb393237e4ecd97ac15dea343f3
      url: "https://pub.dev"
    source: hosted
    version: "0.6.7"
  lints:
    dependency: transitive
    description:
      name: lints
      sha256: "0a217c6c989d21039f1498c3ed9f3ed71b354e69873f13a8dfc3c9fe76f1b452"
      url: "https://pub.dev"
    source: hosted
    version: "2.1.1"
  loading_indicator:
    dependency: "direct main"
    description:
      name: loading_indicator
      sha256: a101ffb2aa3e646137d7810bfa90b50525dd3f72c01235b6df7491cf6af6f284
      url: "https://pub.dev"
    source: hosted
    version: "3.1.1"
  logging:
    dependency: transitive
    description:
      name: logging
      sha256: "623a88c9594aa774443aa3eb2d41807a48486b5613e67599fb4c41c0ad47c340"
      url: "https://pub.dev"
    source: hosted
    version: "1.2.0"
  matcher:
    dependency: transitive
    description:
      name: matcher
      sha256: "1803e76e6653768d64ed8ff2e1e67bea3ad4b923eb5c56a295c3e634bad5960e"
      url: "https://pub.dev"
    source: hosted
    version: "0.12.16"
  material_color_utilities:
    dependency: transitive
    description:
      name: material_color_utilities
      sha256: "9528f2f296073ff54cb9fee677df673ace1218163c3bc7628093e7eed5203d41"
      url: "https://pub.dev"
    source: hosted
    version: "0.5.0"
  material_tag_editor:
    dependency: "direct main"
    description:
      name: material_tag_editor
      sha256: "02582fad5f2f4e761ae089b1b63156827612bc720e1c229ca887f99c22ada0b9"
      url: "https://pub.dev"
    source: hosted
    version: "0.1.2"
  message_pack_dart:
    dependency: transitive
    description:
      name: message_pack_dart
      sha256: "71b9f0ff60e5896e60b337960bb535380d7dba3297b457ac763ccae807385b59"
      url: "https://pub.dev"
    source: hosted
    version: "2.0.1"
  meta:
    dependency: transitive
    description:
      name: meta
      sha256: "3c74dbf8763d36539f114c799d8a2d87343b5067e9d796ca22b5eb8437090ee3"
      url: "https://pub.dev"
    source: hosted
    version: "1.9.1"
  mime:
    dependency: transitive
    description:
      name: mime
      sha256: e4ff8e8564c03f255408decd16e7899da1733852a9110a58fe6d1b817684a63e
      url: "https://pub.dev"
    source: hosted
    version: "1.0.4"
  motion_toast:
    dependency: "direct main"
    description:
      name: motion_toast
      sha256: f27cfcd39c6a0c433670fb20e4add55c42f925a5382b25f58e917c054d47a624
      url: "https://pub.dev"
    source: hosted
    version: "2.7.8"
  multi_state_button:
    dependency: "direct main"
    description:
      name: multi_state_button
      sha256: "22226d6210d6fcf176e5fb47b6b6d9cb22850b6a7dd39b5777a0a6cb7846a5f3"
      url: "https://pub.dev"
    source: hosted
    version: "1.1.3"
  path:
    dependency: transitive
    description:
      name: path
      sha256: "8829d8a55c13fc0e37127c29fedf290c102f4e40ae94ada574091fe0ff96c917"
      url: "https://pub.dev"
    source: hosted
    version: "1.8.3"
  path_provider:
    dependency: transitive
    description:
      name: path_provider
      sha256: "909b84830485dbcd0308edf6f7368bc8fd76afa26a270420f34cabea2a6467a0"
      url: "https://pub.dev"
    source: hosted
    version: "2.1.0"
  path_provider_android:
    dependency: transitive
    description:
      name: path_provider_android
      sha256: "5d44fc3314d969b84816b569070d7ace0f1dea04bd94a83f74c4829615d22ad8"
      url: "https://pub.dev"
    source: hosted
    version: "2.1.0"
  path_provider_foundation:
    dependency: transitive
    description:
      name: path_provider_foundation
      sha256: "1b744d3d774e5a879bb76d6cd1ecee2ba2c6960c03b1020cd35212f6aa267ac5"
      url: "https://pub.dev"
    source: hosted
    version: "2.3.0"
  path_provider_linux:
    dependency: transitive
    description:
      name: path_provider_linux
      sha256: ba2b77f0c52a33db09fc8caf85b12df691bf28d983e84cf87ff6d693cfa007b3
      url: "https://pub.dev"
    source: hosted
    version: "2.2.0"
  path_provider_platform_interface:
    dependency: transitive
    description:
      name: path_provider_platform_interface
      sha256: bced5679c7df11190e1ddc35f3222c858f328fff85c3942e46e7f5589bf9eb84
      url: "https://pub.dev"
    source: hosted
    version: "2.1.0"
  path_provider_windows:
    dependency: transitive
    description:
      name: path_provider_windows
      sha256: ee0e0d164516b90ae1f970bdf29f726f1aa730d7cfc449ecc74c495378b705da
      url: "https://pub.dev"
    source: hosted
    version: "2.2.0"
  platform:
    dependency: transitive
    description:
      name: platform
      sha256: "57c07bf82207aee366dfaa3867b3164e4f03a238a461a11b0e8a3a510d51203d"
      url: "https://pub.dev"
    source: hosted
    version: "3.1.1"
  plugin_platform_interface:
    dependency: transitive
    description:
      name: plugin_platform_interface
      sha256: "43798d895c929056255600343db8f049921cbec94d31ec87f1dc5c16c01935dd"
      url: "https://pub.dev"
    source: hosted
    version: "2.1.5"
  pool:
    dependency: transitive
    description:
      name: pool
      sha256: "20fe868b6314b322ea036ba325e6fc0711a22948856475e2c2b6306e8ab39c2a"
      url: "https://pub.dev"
    source: hosted
    version: "1.5.1"
  popover:
    dependency: "direct main"
    description:
      name: popover
      sha256: "59f4a55ebb484d012c8aaa273ad58eee571945231b71fb938c5a69f63b5a94d4"
      url: "https://pub.dev"
    source: hosted
    version: "0.2.8+2"
  rflutter_alert:
    dependency: "direct main"
    description:
      name: rflutter_alert
      sha256: "8ff35e3f9712ba24c746499cfa95bf320385edf38901a1a4eab0fe555867f66c"
      url: "https://pub.dev"
    source: hosted
    version: "2.0.7"
  roundcheckbox:
    dependency: "direct main"
    description:
      name: roundcheckbox
      sha256: "5d6f607ed9d26fde0072af2545f56d84a6b6d2a45972b0c41f90c2d73224f339"
      url: "https://pub.dev"
    source: hosted
    version: "2.0.5"
  shared_preferences:
    dependency: "direct main"
    description:
      name: shared_preferences
      sha256: "0344316c947ffeb3a529eac929e1978fcd37c26be4e8468628bac399365a3ca1"
      url: "https://pub.dev"
    source: hosted
    version: "2.2.0"
  shared_preferences_android:
    dependency: transitive
    description:
      name: shared_preferences_android
      sha256: fe8401ec5b6dcd739a0fe9588802069e608c3fdbfd3c3c93e546cf2f90438076
      url: "https://pub.dev"
    source: hosted
    version: "2.2.0"
  shared_preferences_foundation:
    dependency: transitive
    description:
      name: shared_preferences_foundation
      sha256: d29753996d8eb8f7619a1f13df6ce65e34bc107bef6330739ed76f18b22310ef
      url: "https://pub.dev"
    source: hosted
    version: "2.3.3"
  shared_preferences_linux:
    dependency: transitive
    description:
      name: shared_preferences_linux
      sha256: "71d6806d1449b0a9d4e85e0c7a917771e672a3d5dc61149cc9fac871115018e1"
      url: "https://pub.dev"
    source: hosted
    version: "2.3.0"
  shared_preferences_platform_interface:
    dependency: transitive
    description:
      name: shared_preferences_platform_interface
      sha256: "23b052f17a25b90ff2b61aad4cc962154da76fb62848a9ce088efe30d7c50ab1"
      url: "https://pub.dev"
    source: hosted
    version: "2.3.0"
  shared_preferences_web:
    dependency: transitive
    description:
      name: shared_preferences_web
      sha256: "7347b194fb0bbeb4058e6a4e87ee70350b6b2b90f8ac5f8bd5b3a01548f6d33a"
      url: "https://pub.dev"
    source: hosted
    version: "2.2.0"
  shared_preferences_windows:
    dependency: transitive
    description:
      name: shared_preferences_windows
      sha256: f95e6a43162bce43c9c3405f3eb6f39e5b5d11f65fab19196cf8225e2777624d
      url: "https://pub.dev"
    source: hosted
    version: "2.3.0"
  shelf:
    dependency: transitive
    description:
      name: shelf
      sha256: ad29c505aee705f41a4d8963641f91ac4cee3c8fad5947e033390a7bd8180fa4
      url: "https://pub.dev"
    source: hosted
    version: "1.4.1"
  sidebarx:
    dependency: "direct main"
    description:
      name: sidebarx
      sha256: e14796e2ac07e51ad27e19dc35e1316d6993d32faa27eb0b6008718a70a8fa99
      url: "https://pub.dev"
    source: hosted
    version: "0.16.1"
  signalr_netcore:
    dependency: "direct main"
    description:
      name: signalr_netcore
      sha256: "222883d5961e2d5e4ff54711a78a54991c89f585f9da05328be950cb10c8b0e2"
      url: "https://pub.dev"
    source: hosted
    version: "1.3.5"
  sky_engine:
    dependency: transitive
    description: flutter
    source: sdk
    version: "0.0.99"
  slide_switcher:
    dependency: "direct main"
    description:
      name: slide_switcher
      sha256: "5fda4741919814b33971d12392f24edc92c5b39b8656367b38a19d4c578be4f4"
      url: "https://pub.dev"
    source: hosted
    version: "1.1.2"
  source_span:
    dependency: transitive
    description:
      name: source_span
      sha256: "53e943d4206a5e30df338fd4c6e7a077e02254531b138a15aec3bd143c1a8b3c"
      url: "https://pub.dev"
    source: hosted
    version: "1.10.0"
  sse:
    dependency: transitive
    description:
      name: sse
      sha256: "3ff9088cac3f45aa8b91336f1962e3ea6c81baaba0bbba361c05f8aa7fb59442"
      url: "https://pub.dev"
    source: hosted
    version: "4.1.2"
  sse_channel:
    dependency: transitive
    description:
      name: sse_channel
      sha256: ba2b1382b9423c58fa83e1f01a3a40fbaa16a0594aa984870c88bad0b45d4ca4
      url: "https://pub.dev"
    source: hosted
    version: "0.0.3"
  stack_trace:
    dependency: transitive
    description:
      name: stack_trace
      sha256: c3c7d8edb15bee7f0f74debd4b9c5f3c2ea86766fe4178eb2a18eb30a0bdaed5
      url: "https://pub.dev"
    source: hosted
    version: "1.11.0"
  stream_channel:
    dependency: transitive
    description:
      name: stream_channel
      sha256: "83615bee9045c1d322bbbd1ba209b7a749c2cbcdcb3fdd1df8eb488b3279c1c8"
      url: "https://pub.dev"
    source: hosted
    version: "2.1.1"
  string_scanner:
    dependency: transitive
    description:
      name: string_scanner
      sha256: "556692adab6cfa87322a115640c11f13cb77b3f076ddcc5d6ae3c20242bedcde"
      url: "https://pub.dev"
    source: hosted
    version: "1.2.0"
  syncfusion_flutter_calendar:
    dependency: "direct main"
    description:
      name: syncfusion_flutter_calendar
      sha256: d1d71ac2ad424dad8d731635cedbc8a2f5c5487d2b05f094623fe33987c911ce
      url: "https://pub.dev"
    source: hosted
    version: "22.2.10"
  syncfusion_flutter_core:
    dependency: transitive
    description:
      name: syncfusion_flutter_core
      sha256: "438eb5008610df9dac9fe37263ea39f58f5e123fbe0f8c57b95b950a6424cae4"
      url: "https://pub.dev"
    source: hosted
    version: "22.2.10"
  syncfusion_flutter_datagrid:
    dependency: "direct main"
    description:
      name: syncfusion_flutter_datagrid
      sha256: "7917d6c6d8252fa88ceeb665f4f0fe7004b829c9d924faaf8ada3fda040ab51c"
      url: "https://pub.dev"
    source: hosted
    version: "22.2.10"
  syncfusion_flutter_datepicker:
    dependency: "direct main"
    description:
      name: syncfusion_flutter_datepicker
      sha256: "0fdc385a3870f781771c978636fd9237b2ad713cf539f0cceb52a497dcb8c95d"
      url: "https://pub.dev"
    source: hosted
    version: "22.2.10"
  term_glyph:
    dependency: transitive
    description:
      name: term_glyph
      sha256: a29248a84fbb7c79282b40b8c72a1209db169a2e0542bce341da992fe1bc7e84
      url: "https://pub.dev"
    source: hosted
    version: "1.2.1"
  test_api:
    dependency: transitive
    description:
      name: test_api
      sha256: "75760ffd7786fffdfb9597c35c5b27eaeec82be8edfb6d71d32651128ed7aab8"
      url: "https://pub.dev"
    source: hosted
    version: "0.6.0"
  timezone:
    dependency: transitive
    description:
      name: timezone
      sha256: "1cfd8ddc2d1cfd836bc93e67b9be88c3adaeca6f40a00ca999104c30693cdca0"
      url: "https://pub.dev"
    source: hosted
    version: "0.9.2"
  tuple:
    dependency: transitive
    description:
      name: tuple
      sha256: a97ce2013f240b2f3807bcbaf218765b6f301c3eff91092bcfa23a039e7dd151
      url: "https://pub.dev"
    source: hosted
    version: "2.0.2"
  typed_data:
    dependency: transitive
    description:
      name: typed_data
      sha256: facc8d6582f16042dd49f2463ff1bd6e2c9ef9f3d5da3d9b087e244a7b564b3c
      url: "https://pub.dev"
    source: hosted
    version: "1.3.2"
  uuid:
    dependency: transitive
    description:
      name: uuid
      sha256: "648e103079f7c64a36dc7d39369cabb358d377078a051d6ae2ad3aa539519313"
      url: "https://pub.dev"
    source: hosted
    version: "3.0.7"
  vector_math:
    dependency: transitive
    description:
      name: vector_math
      sha256: "80b3257d1492ce4d091729e3a67a60407d227c27241d6927be0130c98e741803"
      url: "https://pub.dev"
    source: hosted
    version: "2.1.4"
  visibility_detector:
    dependency: "direct main"
    description:
      name: visibility_detector
      sha256: dd5cc11e13494f432d15939c3aa8ae76844c42b723398643ce9addb88a5ed420
      url: "https://pub.dev"
    source: hosted
    version: "0.4.0+2"
  web:
    dependency: transitive
    description:
      name: web
      sha256: dc8ccd225a2005c1be616fe02951e2e342092edf968cf0844220383757ef8f10
      url: "https://pub.dev"
    source: hosted
    version: "0.1.4-beta"
  web_socket_channel:
    dependency: transitive
    description:
      name: web_socket_channel
      sha256: d88238e5eac9a42bb43ca4e721edba3c08c6354d4a53063afaa568516217621b
      url: "https://pub.dev"
    source: hosted
    version: "2.4.0"
  win32:
    dependency: transitive
    description:
      name: win32
      sha256: "9e82a402b7f3d518fb9c02d0e9ae45952df31b9bf34d77baf19da2de03fc2aaa"
      url: "https://pub.dev"
    source: hosted
    version: "5.0.7"
  xdg_directories:
    dependency: transitive
    description:
      name: xdg_directories
      sha256: f0c26453a2d47aa4c2570c6a033246a3fc62da2fe23c7ffdd0a7495086dc0247
      url: "https://pub.dev"
    source: hosted
    version: "1.0.2"
sdks:
  dart: ">=3.1.0-185.0.dev <4.0.0"
  flutter: ">=3.10.0"
