
Microsoft Visual Studio Solution File, Format Version 12.00
# Visual Studio Version 17
VisualStudioVersion = 17.4.33103.184
MinimumVisualStudioVersion = 10.0.40219.1
Project("{9A19103F-16F7-4668-BE54-9A1E7A4F7556}") = "CIA", "CIA\CIA.csproj", "{D4637FB8-62B0-4F54-A6ED-C873C19EF6AD}"
EndProject
Project("{FAE04EC0-301F-11D3-BF4B-00C04F79EFBC}") = "CIA_Service", "CIA_Service\CIA_Service.csproj", "{CFDAD50A-DB71-4518-95DF-ED6E30C062F0}"
EndProject
Project("{9A19103F-16F7-4668-BE54-9A1E7A4F7556}") = "CIA_WorkerService", "CIA_WorkerService\CIA_WorkerService.csproj", "{E60CB663-5E89-4A5A-8706-5B615D14C879}"
EndProject
Global
	GlobalSection(SolutionConfigurationPlatforms) = preSolution
		Debug|Any CPU = Debug|Any CPU
		Release|Any CPU = Release|Any CPU
	EndGlobalSection
	GlobalSection(ProjectConfigurationPlatforms) = postSolution
		{D4637FB8-62B0-4F54-A6ED-C873C19EF6AD}.Debug|Any CPU.ActiveCfg = Debug|Any CPU
		{D4637FB8-62B0-4F54-A6ED-C873C19EF6AD}.Debug|Any CPU.Build.0 = Debug|Any CPU
		{D4637FB8-62B0-4F54-A6ED-C873C19EF6AD}.Release|Any CPU.ActiveCfg = Release|Any CPU
		{D4637FB8-62B0-4F54-A6ED-C873C19EF6AD}.Release|Any CPU.Build.0 = Release|Any CPU
		{CFDAD50A-DB71-4518-95DF-ED6E30C062F0}.Debug|Any CPU.ActiveCfg = Debug|Any CPU
		{CFDAD50A-DB71-4518-95DF-ED6E30C062F0}.Debug|Any CPU.Build.0 = Debug|Any CPU
		{CFDAD50A-DB71-4518-95DF-ED6E30C062F0}.Release|Any CPU.ActiveCfg = Release|Any CPU
		{CFDAD50A-DB71-4518-95DF-ED6E30C062F0}.Release|Any CPU.Build.0 = Release|Any CPU
		{E60CB663-5E89-4A5A-8706-5B615D14C879}.Debug|Any CPU.ActiveCfg = Debug|Any CPU
		{E60CB663-5E89-4A5A-8706-5B615D14C879}.Debug|Any CPU.Build.0 = Debug|Any CPU
		{E60CB663-5E89-4A5A-8706-5B615D14C879}.Release|Any CPU.ActiveCfg = Release|Any CPU
		{E60CB663-5E89-4A5A-8706-5B615D14C879}.Release|Any CPU.Build.0 = Release|Any CPU
	EndGlobalSection
	GlobalSection(SolutionProperties) = preSolution
		HideSolutionNode = FALSE
	EndGlobalSection
	GlobalSection(ExtensibilityGlobals) = postSolution
		SolutionGuid = {9EA82CAD-AB32-49D8-9A57-6195C9D03942}
	EndGlobalSection
EndGlobal
